
Microsoft Visual Studio Solution File, Format Version 12.00
# Visual Studio Version 17
VisualStudioVersion = 17.0.31903.59
MinimumVisualStudioVersion = 10.0.40219.1
Project("{FAE04EC0-301F-11D3-BF4B-00C04F79EFBC}") = "EvokerEngine.Core", "EvokerEngine.Core\EvokerEngine.Core.csproj", "{C13A20A8-11BC-4D76-A479-61B7FD6FF762}"
EndProject
Project("{FAE04EC0-301F-11D3-BF4B-00C04F79EFBC}") = "EvokerEngine.Demo", "EvokerEngine.Demo\EvokerEngine.Demo.csproj", "{BB55B843-5D90-45B2-A8D8-EB1BF7CF6EF7}"
EndProject
Global
	GlobalSection(SolutionConfigurationPlatforms) = preSolution
		Debug|Any CPU = Debug|Any CPU
		Debug|x64 = Debug|x64
		Debug|x86 = Debug|x86
		Release|Any CPU = Release|Any CPU
		Release|x64 = Release|x64
		Release|x86 = Release|x86
	EndGlobalSection
	GlobalSection(ProjectConfigurationPlatforms) = postSolution
		{C13A20A8-11BC-4D76-A479-61B7FD6FF762}.Debug|Any CPU.ActiveCfg = Debug|Any CPU
		{C13A20A8-11BC-4D76-A479-61B7FD6FF762}.Debug|Any CPU.Build.0 = Debug|Any CPU
		{C13A20A8-11BC-4D76-A479-61B7FD6FF762}.Debug|x64.ActiveCfg = Debug|Any CPU
		{C13A20A8-11BC-4D76-A479-61B7FD6FF762}.Debug|x64.Build.0 = Debug|Any CPU
		{C13A20A8-11BC-4D76-A479-61B7FD6FF762}.Debug|x86.ActiveCfg = Debug|Any CPU
		{C13A20A8-11BC-4D76-A479-61B7FD6FF762}.Debug|x86.Build.0 = Debug|Any CPU
		{C13A20A8-11BC-4D76-A479-61B7FD6FF762}.Release|Any CPU.ActiveCfg = Release|Any CPU
		{C13A20A8-11BC-4D76-A479-61B7FD6FF762}.Release|Any CPU.Build.0 = Release|Any CPU
		{C13A20A8-11BC-4D76-A479-61B7FD6FF762}.Release|x64.ActiveCfg = Release|Any CPU
		{C13A20A8-11BC-4D76-A479-61B7FD6FF762}.Release|x64.Build.0 = Release|Any CPU
		{C13A20A8-11BC-4D76-A479-61B7FD6FF762}.Release|x86.ActiveCfg = Release|Any CPU
		{C13A20A8-11BC-4D76-A479-61B7FD6FF762}.Release|x86.Build.0 = Release|Any CPU
		{BB55B843-5D90-45B2-A8D8-EB1BF7CF6EF7}.Debug|Any CPU.ActiveCfg = Debug|Any CPU
		{BB55B843-5D90-45B2-A8D8-EB1BF7CF6EF7}.Debug|Any CPU.Build.0 = Debug|Any CPU
		{BB55B843-5D90-45B2-A8D8-EB1BF7CF6EF7}.Debug|x64.ActiveCfg = Debug|Any CPU
		{BB55B843-5D90-45B2-A8D8-EB1BF7CF6EF7}.Debug|x64.Build.0 = Debug|Any CPU
		{BB55B843-5D90-45B2-A8D8-EB1BF7CF6EF7}.Debug|x86.ActiveCfg = Debug|Any CPU
		{BB55B843-5D90-45B2-A8D8-EB1BF7CF6EF7}.Debug|x86.Build.0 = Debug|Any CPU
		{BB55B843-5D90-45B2-A8D8-EB1BF7CF6EF7}.Release|Any CPU.ActiveCfg = Release|Any CPU
		{BB55B843-5D90-45B2-A8D8-EB1BF7CF6EF7}.Release|Any CPU.Build.0 = Release|Any CPU
		{BB55B843-5D90-45B2-A8D8-EB1BF7CF6EF7}.Release|x64.ActiveCfg = Release|Any CPU
		{BB55B843-5D90-45B2-A8D8-EB1BF7CF6EF7}.Release|x64.Build.0 = Release|Any CPU
		{BB55B843-5D90-45B2-A8D8-EB1BF7CF6EF7}.Release|x86.ActiveCfg = Release|Any CPU
		{BB55B843-5D90-45B2-A8D8-EB1BF7CF6EF7}.Release|x86.Build.0 = Release|Any CPU
	EndGlobalSection
	GlobalSection(SolutionProperties) = preSolution
		HideSolutionNode = FALSE
	EndGlobalSection
EndGlobal
